
Microsoft Visual Studio Solution File, Format Version 12.00
# Visual Studio Version 17
VisualStudioVersion = 17.8.34330.188
MinimumVisualStudioVersion = 10.0.40219.1
Project("{FAE04EC0-301F-11D3-BF4B-00C04F79EFBC}") = "fej_vagy_iras", "fej_vagy_iras\fej_vagy_iras.csproj", "{3B8F2080-30ED-4206-AC29-52F04E1CA18A}"
EndProject
Global
	GlobalSection(SolutionConfigurationPlatforms) = preSolution
		Debug|Any CPU = Debug|Any CPU
		Release|Any CPU = Release|Any CPU
	EndGlobalSection
	GlobalSection(ProjectConfigurationPlatforms) = postSolution
		{3B8F2080-30ED-4206-AC29-52F04E1CA18A}.Debug|Any CPU.ActiveCfg = Debug|Any CPU
		{3B8F2080-30ED-4206-AC29-52F04E1CA18A}.Debug|Any CPU.Build.0 = Debug|Any CPU
		{3B8F2080-30ED-4206-AC29-52F04E1CA18A}.Release|Any CPU.ActiveCfg = Release|Any CPU
		{3B8F2080-30ED-4206-AC29-52F04E1CA18A}.Release|Any CPU.Build.0 = Release|Any CPU
	EndGlobalSection
	GlobalSection(SolutionProperties) = preSolution
		HideSolutionNode = FALSE
	EndGlobalSection
	GlobalSection(ExtensibilityGlobals) = postSolution
		SolutionGuid = {8D73C812-01A7-4155-9F4C-4414465F3712}
	EndGlobalSection
EndGlobal
