
Microsoft Visual Studio Solution File, Format Version 12.00
# Visual Studio Version 17
VisualStudioVersion = 17.8.34330.188
MinimumVisualStudioVersion = 10.0.40219.1
Project("{FAE04EC0-301F-11D3-BF4B-00C04F79EFBC}") = "dolgozat_2024_02_09", "dolgozat_2024_02_09\dolgozat_2024_02_09.csproj", "{028972E5-BAED-4B27-930C-73D801C55BC0}"
EndProject
Global
	GlobalSection(SolutionConfigurationPlatforms) = preSolution
		Debug|Any CPU = Debug|Any CPU
		Release|Any CPU = Release|Any CPU
	EndGlobalSection
	GlobalSection(ProjectConfigurationPlatforms) = postSolution
		{028972E5-BAED-4B27-930C-73D801C55BC0}.Debug|Any CPU.ActiveCfg = Debug|Any CPU
		{028972E5-BAED-4B27-930C-73D801C55BC0}.Debug|Any CPU.Build.0 = Debug|Any CPU
		{028972E5-BAED-4B27-930C-73D801C55BC0}.Release|Any CPU.ActiveCfg = Release|Any CPU
		{028972E5-BAED-4B27-930C-73D801C55BC0}.Release|Any CPU.Build.0 = Release|Any CPU
	EndGlobalSection
	GlobalSection(SolutionProperties) = preSolution
		HideSolutionNode = FALSE
	EndGlobalSection
	GlobalSection(ExtensibilityGlobals) = postSolution
		SolutionGuid = {5C38FD72-05B7-467A-8766-BB9E1831366A}
	EndGlobalSection
EndGlobal
