
Microsoft Visual Studio Solution File, Format Version 12.00
# Visual Studio Version 17
VisualStudioVersion = 17.8.34330.188
MinimumVisualStudioVersion = 10.0.40219.1
Project("{FAE04EC0-301F-11D3-BF4B-00C04F79EFBC}") = "fajlkezeles", "fajlkezeles\fajlkezeles.csproj", "{1C5C1EB5-A90B-4409-A7E5-8CEBB6153CA1}"
EndProject
Global
	GlobalSection(SolutionConfigurationPlatforms) = preSolution
		Debug|Any CPU = Debug|Any CPU
		Release|Any CPU = Release|Any CPU
	EndGlobalSection
	GlobalSection(ProjectConfigurationPlatforms) = postSolution
		{1C5C1EB5-A90B-4409-A7E5-8CEBB6153CA1}.Debug|Any CPU.ActiveCfg = Debug|Any CPU
		{1C5C1EB5-A90B-4409-A7E5-8CEBB6153CA1}.Debug|Any CPU.Build.0 = Debug|Any CPU
		{1C5C1EB5-A90B-4409-A7E5-8CEBB6153CA1}.Release|Any CPU.ActiveCfg = Release|Any CPU
		{1C5C1EB5-A90B-4409-A7E5-8CEBB6153CA1}.Release|Any CPU.Build.0 = Release|Any CPU
	EndGlobalSection
	GlobalSection(SolutionProperties) = preSolution
		HideSolutionNode = FALSE
	EndGlobalSection
	GlobalSection(ExtensibilityGlobals) = postSolution
		SolutionGuid = {4219E11A-4266-4922-AF13-5F1E81E19947}
	EndGlobalSection
EndGlobal
