
Microsoft Visual Studio Solution File, Format Version 12.00
# Visual Studio Version 17
VisualStudioVersion = 17.3.32811.315
MinimumVisualStudioVersion = 10.0.40219.1
Project("{FAE04EC0-301F-11D3-BF4B-00C04F79EFBC}") = "2023.09.14 of", "2023.09.14 of\2023.09.14 of.csproj", "{5DE40606-50A3-4BB3-B7D2-9C2617C7AE65}"
EndProject
Global
	GlobalSection(SolutionConfigurationPlatforms) = preSolution
		Debug|Any CPU = Debug|Any CPU
		Release|Any CPU = Release|Any CPU
	EndGlobalSection
	GlobalSection(ProjectConfigurationPlatforms) = postSolution
		{5DE40606-50A3-4BB3-B7D2-9C2617C7AE65}.Debug|Any CPU.ActiveCfg = Debug|Any CPU
		{5DE40606-50A3-4BB3-B7D2-9C2617C7AE65}.Debug|Any CPU.Build.0 = Debug|Any CPU
		{5DE40606-50A3-4BB3-B7D2-9C2617C7AE65}.Release|Any CPU.ActiveCfg = Release|Any CPU
		{5DE40606-50A3-4BB3-B7D2-9C2617C7AE65}.Release|Any CPU.Build.0 = Release|Any CPU
	EndGlobalSection
	GlobalSection(SolutionProperties) = preSolution
		HideSolutionNode = FALSE
	EndGlobalSection
	GlobalSection(ExtensibilityGlobals) = postSolution
		SolutionGuid = {ED3DE145-AB8C-4AB0-BE73-FFD94F406029}
	EndGlobalSection
EndGlobal
