
Microsoft Visual Studio Solution File, Format Version 12.00
# Visual Studio Version 17
VisualStudioVersion = 17.3.32811.315
MinimumVisualStudioVersion = 10.0.40219.1
Project("{FAE04EC0-301F-11D3-BF4B-00C04F79EFBC}") = "2023_09_21", "2023_09_21\2023_09_21.csproj", "{DE1B4EAB-7B13-4EA9-AC58-03A2BC95111D}"
EndProject
Global
	GlobalSection(SolutionConfigurationPlatforms) = preSolution
		Debug|Any CPU = Debug|Any CPU
		Release|Any CPU = Release|Any CPU
	EndGlobalSection
	GlobalSection(ProjectConfigurationPlatforms) = postSolution
		{DE1B4EAB-7B13-4EA9-AC58-03A2BC95111D}.Debug|Any CPU.ActiveCfg = Debug|Any CPU
		{DE1B4EAB-7B13-4EA9-AC58-03A2BC95111D}.Debug|Any CPU.Build.0 = Debug|Any CPU
		{DE1B4EAB-7B13-4EA9-AC58-03A2BC95111D}.Release|Any CPU.ActiveCfg = Release|Any CPU
		{DE1B4EAB-7B13-4EA9-AC58-03A2BC95111D}.Release|Any CPU.Build.0 = Release|Any CPU
	EndGlobalSection
	GlobalSection(SolutionProperties) = preSolution
		HideSolutionNode = FALSE
	EndGlobalSection
	GlobalSection(ExtensibilityGlobals) = postSolution
		SolutionGuid = {4D635402-D791-469E-BB22-74EFA1216955}
	EndGlobalSection
EndGlobal
