
Microsoft Visual Studio Solution File, Format Version 12.00
# Visual Studio Version 17
VisualStudioVersion = 17.8.34330.188
MinimumVisualStudioVersion = 10.0.40219.1
Project("{FAE04EC0-301F-11D3-BF4B-00C04F79EFBC}") = "fuggvenyek", "fuggvenyek\fuggvenyek.csproj", "{587337D6-9494-499C-8F93-D28392A81DBA}"
EndProject
Global
	GlobalSection(SolutionConfigurationPlatforms) = preSolution
		Debug|Any CPU = Debug|Any CPU
		Release|Any CPU = Release|Any CPU
	EndGlobalSection
	GlobalSection(ProjectConfigurationPlatforms) = postSolution
		{587337D6-9494-499C-8F93-D28392A81DBA}.Debug|Any CPU.ActiveCfg = Debug|Any CPU
		{587337D6-9494-499C-8F93-D28392A81DBA}.Debug|Any CPU.Build.0 = Debug|Any CPU
		{587337D6-9494-499C-8F93-D28392A81DBA}.Release|Any CPU.ActiveCfg = Release|Any CPU
		{587337D6-9494-499C-8F93-D28392A81DBA}.Release|Any CPU.Build.0 = Release|Any CPU
	EndGlobalSection
	GlobalSection(SolutionProperties) = preSolution
		HideSolutionNode = FALSE
	EndGlobalSection
	GlobalSection(ExtensibilityGlobals) = postSolution
		SolutionGuid = {C544BE14-B7EB-4D5F-BFCA-E0FBCB8A7295}
	EndGlobalSection
EndGlobal
