
Microsoft Visual Studio Solution File, Format Version 12.00
# Visual Studio Version 17
VisualStudioVersion = 17.3.32811.315
MinimumVisualStudioVersion = 10.0.40219.1
Project("{FAE04EC0-301F-11D3-BF4B-00C04F79EFBC}") = "2023_10_19", "2023_10_19\2023_10_19.csproj", "{7843A91E-55EB-4287-BB71-BB871A8BA423}"
EndProject
Global
	GlobalSection(SolutionConfigurationPlatforms) = preSolution
		Debug|Any CPU = Debug|Any CPU
		Release|Any CPU = Release|Any CPU
	EndGlobalSection
	GlobalSection(ProjectConfigurationPlatforms) = postSolution
		{7843A91E-55EB-4287-BB71-BB871A8BA423}.Debug|Any CPU.ActiveCfg = Debug|Any CPU
		{7843A91E-55EB-4287-BB71-BB871A8BA423}.Debug|Any CPU.Build.0 = Debug|Any CPU
		{7843A91E-55EB-4287-BB71-BB871A8BA423}.Release|Any CPU.ActiveCfg = Release|Any CPU
		{7843A91E-55EB-4287-BB71-BB871A8BA423}.Release|Any CPU.Build.0 = Release|Any CPU
	EndGlobalSection
	GlobalSection(SolutionProperties) = preSolution
		HideSolutionNode = FALSE
	EndGlobalSection
	GlobalSection(ExtensibilityGlobals) = postSolution
		SolutionGuid = {17941998-B304-4775-80BF-4AE9B47491E4}
	EndGlobalSection
EndGlobal
